// !$*UTF8*$!
{
	archiveVersion = 1;
	classes = {
	};
	objectVersion = 46;
	objects = {

/* Begin PBXBuildFile section */
		8FC4EC851A2EE9D70006A801 /* CNWPDFDocument.m in Sources */ = {isa = PBXBuildFile; fileRef = 8FC4EC841A2EE9D70006A801 /* CNWPDFDocument.m */; };
		8FD58AE61A2EA5F200B53E02 /* main.m in Sources */ = {isa = PBXBuildFile; fileRef = 8FD58AE51A2EA5F200B53E02 /* main.m */; };
		8FD58AE91A2EA5F200B53E02 /* CNWAppDelegate.m in Sources */ = {isa = PBXBuildFile; fileRef = 8FD58AE81A2EA5F200B53E02 /* CNWAppDelegate.m */; };
		8FD58AEC1A2EA5F200B53E02 /* CNWReaderViewController.m in Sources */ = {isa = PBXBuildFile; fileRef = 8FD58AEB1A2EA5F200B53E02 /* CNWReaderViewController.m */; };
		8FD58AEF1A2EA5F200B53E02 /* Main.storyboard in Resources */ = {isa = PBXBuildFile; fileRef = 8FD58AED1A2EA5F200B53E02 /* Main.storyboard */; };
		8FD58AF11A2EA5F200B53E02 /* Images.xcassets in Resources */ = {isa = PBXBuildFile; fileRef = 8FD58AF01A2EA5F200B53E02 /* Images.xcassets */; };
		8FD58AF41A2EA5F200B53E02 /* LaunchScreen.xib in Resources */ = {isa = PBXBuildFile; fileRef = 8FD58AF21A2EA5F200B53E02 /* LaunchScreen.xib */; };
		8FD58B0B1A2EB08700B53E02 /* CNWPDFPageView.m in Sources */ = {isa = PBXBuildFile; fileRef = 8FD58B0A1A2EB08700B53E02 /* CNWPDFPageView.m */; };
		8FD58B131A2ED54A00B53E02 /* CNWLibraryViewController.m in Sources */ = {isa = PBXBuildFile; fileRef = 8FD58B121A2ED54A00B53E02 /* CNWLibraryViewController.m */; };
/* End PBXBuildFile section */

/* Begin PBXFileReference section */
		8FC4EC831A2EE9D70006A801 /* CNWPDFDocument.h */ = {isa = PBXFileReference; fileEncoding = 4; lastKnownFileType = sourcecode.c.h; path = CNWPDFDocument.h; sourceTree = "<group>"; };
		8FC4EC841A2EE9D70006A801 /* CNWPDFDocument.m */ = {isa = PBXFileReference; fileEncoding = 4; lastKnownFileType = sourcecode.c.objc; path = CNWPDFDocument.m; sourceTree = "<group>"; };
		8FD58AE01A2EA5F200B53E02 /* WWDCReader.app */ = {isa = PBXFileReference; explicitFileType = wrapper.application; includeInIndex = 0; path = WWDCReader.app; sourceTree = BUILT_PRODUCTS_DIR; };
		8FD58AE41A2EA5F200B53E02 /* Info.plist */ = {isa = PBXFileReference; lastKnownFileType = text.plist.xml; path = Info.plist; sourceTree = "<group>"; };
		8FD58AE51A2EA5F200B53E02 /* main.m */ = {isa = PBXFileReference; lastKnownFileType = sourcecode.c.objc; path = main.m; sourceTree = "<group>"; };
		8FD58AE71A2EA5F200B53E02 /* CNWAppDelegate.h */ = {isa = PBXFileReference; lastKnownFileType = sourcecode.c.h; path = CNWAppDelegate.h; sourceTree = "<group>"; };
		8FD58AE81A2EA5F200B53E02 /* CNWAppDelegate.m */ = {isa = PBXFileReference; lastKnownFileType = sourcecode.c.objc; path = CNWAppDelegate.m; sourceTree = "<group>"; };
		8FD58AEA1A2EA5F200B53E02 /* CNWReaderViewController.h */ = {isa = PBXFileReference; lastKnownFileType = sourcecode.c.h; path = CNWReaderViewController.h; sourceTree = "<group>"; };
		8FD58AEB1A2EA5F200B53E02 /* CNWReaderViewController.m */ = {isa = PBXFileReference; lastKnownFileType = sourcecode.c.objc; path = CNWReaderViewController.m; sourceTree = "<group>"; };
		8FD58AEE1A2EA5F200B53E02 /* Base */ = {isa = PBXFileReference; lastKnownFileType = file.storyboard; name = Base; path = Base.lproj/Main.storyboard; sourceTree = "<group>"; };
		8FD58AF01A2EA5F200B53E02 /* Images.xcassets */ = {isa = PBXFileReference; lastKnownFileType = folder.assetcatalog; path = Images.xcassets; sourceTree = "<group>"; };
		8FD58AF31A2EA5F200B53E02 /* Base */ = {isa = PBXFileReference; lastKnownFileType = file.xib; name = Base; path = Base.lproj/LaunchScreen.xib; sourceTree = "<group>"; };
		8FD58B091A2EB08700B53E02 /* CNWPDFPageView.h */ = {isa = PBXFileReference; fileEncoding = 4; lastKnownFileType = sourcecode.c.h; path = CNWPDFPageView.h; sourceTree = "<group>"; };
		8FD58B0A1A2EB08700B53E02 /* CNWPDFPageView.m */ = {isa = PBXFileReference; fileEncoding = 4; lastKnownFileType = sourcecode.c.objc; path = CNWPDFPageView.m; sourceTree = "<group>"; };
		8FD58B111A2ED54A00B53E02 /* CNWLibraryViewController.h */ = {isa = PBXFileReference; fileEncoding = 4; lastKnownFileType = sourcecode.c.h; path = CNWLibraryViewController.h; sourceTree = "<group>"; };
		8FD58B121A2ED54A00B53E02 /* CNWLibraryViewController.m */ = {isa = PBXFileReference; fileEncoding = 4; lastKnownFileType = sourcecode.c.objc; path = CNWLibraryViewController.m; sourceTree = "<group>"; };
/* End PBXFileReference section */

/* Begin PBXFrameworksBuildPhase section */
		8FD58ADD1A2EA5F200B53E02 /* Frameworks */ = {
			isa = PBXFrameworksBuildPhase;
			buildActionMask = 2147483647;
			files = (
			);
			runOnlyForDeploymentPostprocessing = 0;
		};
/* End PBXFrameworksBuildPhase section */

/* Begin PBXGroup section */
		8FD58AD71A2EA5F200B53E02 = {
			isa = PBXGroup;
			children = (
				8FD58AE21A2EA5F200B53E02 /* WWDCReader */,
				8FD58AE11A2EA5F200B53E02 /* Products */,
			);
			sourceTree = "<group>";
		};
		8FD58AE11A2EA5F200B53E02 /* Products */ = {
			isa = PBXGroup;
			children = (
				8FD58AE01A2EA5F200B53E02 /* WWDCReader.app */,
			);
			name = Products;
			sourceTree = "<group>";
		};
		8FD58AE21A2EA5F200B53E02 /* WWDCReader */ = {
			isa = PBXGroup;
			children = (
				8FD58AE71A2EA5F200B53E02 /* CNWAppDelegate.h */,
				8FD58AE81A2EA5F200B53E02 /* CNWAppDelegate.m */,
				8FD58B111A2ED54A00B53E02 /* CNWLibraryViewController.h */,
				8FD58B121A2ED54A00B53E02 /* CNWLibraryViewController.m */,
				8FC4EC831A2EE9D70006A801 /* CNWPDFDocument.h */,
				8FC4EC841A2EE9D70006A801 /* CNWPDFDocument.m */,
				8FD58AEA1A2EA5F200B53E02 /* CNWReaderViewController.h */,
				8FD58AEB1A2EA5F200B53E02 /* CNWReaderViewController.m */,
				8FD58B091A2EB08700B53E02 /* CNWPDFPageView.h */,
				8FD58B0A1A2EB08700B53E02 /* CNWPDFPageView.m */,
				8FD58AED1A2EA5F200B53E02 /* Main.storyboard */,
				8FD58AF01A2EA5F200B53E02 /* Images.xcassets */,
				8FD58AF21A2EA5F200B53E02 /* LaunchScreen.xib */,
				8FD58AE31A2EA5F200B53E02 /* Supporting Files */,
			);
			path = WWDCReader;
			sourceTree = "<group>";
		};
		8FD58AE31A2EA5F200B53E02 /* Supporting Files */ = {
			isa = PBXGroup;
			children = (
				8FD58AE41A2EA5F200B53E02 /* Info.plist */,
				8FD58AE51A2EA5F200B53E02 /* main.m */,
			);
			name = "Supporting Files";
			sourceTree = "<group>";
		};
/* End PBXGroup section */

/* Begin PBXNativeTarget section */
		8FD58ADF1A2EA5F200B53E02 /* WWDCReader */ = {
			isa = PBXNativeTarget;
			buildConfigurationList = 8FD58B031A2EA5F200B53E02 /* Build configuration list for PBXNativeTarget "WWDCReader" */;
			buildPhases = (
				8FD58ADC1A2EA5F200B53E02 /* Sources */,
				8FD58ADD1A2EA5F200B53E02 /* Frameworks */,
				8FD58ADE1A2EA5F200B53E02 /* Resources */,
			);
			buildRules = (
			);
			dependencies = (
			);
			name = WWDCReader;
			productName = WWDCReader;
			productReference = 8FD58AE01A2EA5F200B53E02 /* WWDCReader.app */;
			productType = "com.apple.product-type.application";
		};
/* End PBXNativeTarget section */

/* Begin PBXProject section */
		8FD58AD81A2EA5F200B53E02 /* Project object */ = {
			isa = PBXProject;
			attributes = {
				CLASSPREFIX = CNW;
				LastUpgradeCheck = 0610;
				ORGANIZATIONNAME = "Chiharu Nameki";
				TargetAttributes = {
					8FD58ADF1A2EA5F200B53E02 = {
						CreatedOnToolsVersion = 6.1;
						DevelopmentTeam = 32PV9WU5UH;
					};
				};
			};
			buildConfigurationList = 8FD58ADB1A2EA5F200B53E02 /* Build configuration list for PBXProject "WWDCReader" */;
			compatibilityVersion = "Xcode 3.2";
			developmentRegion = English;
			hasScannedForEncodings = 0;
			knownRegions = (
				en,
				Base,
			);
			mainGroup = 8FD58AD71A2EA5F200B53E02;
			productRefGroup = 8FD58AE11A2EA5F200B53E02 /* Products */;
			projectDirPath = "";
			projectRoot = "";
			targets = (
				8FD58ADF1A2EA5F200B53E02 /* WWDCReader */,
			);
		};
/* End PBXProject section */

/* Begin PBXResourcesBuildPhase section */
		8FD58ADE1A2EA5F200B53E02 /* Resources */ = {
			isa = PBXResourcesBuildPhase;
			buildActionMask = 2147483647;
			files = (
				8FD58AEF1A2EA5F200B53E02 /* Main.storyboard in Resources */,
				8FD58AF41A2EA5F200B53E02 /* LaunchScreen.xib in Resources */,
				8FD58AF11A2EA5F200B53E02 /* Images.xcassets in Resources */,
			);
			runOnlyForDeploymentPostprocessing = 0;
		};
/* End PBXResourcesBuildPhase section */

/* Begin PBXSourcesBuildPhase section */
		8FD58ADC1A2EA5F200B53E02 /* Sources */ = {
			isa = PBXSourcesBuildPhase;
			buildActionMask = 2147483647;
			files = (
				8FD58AEC1A2EA5F200B53E02 /* CNWReaderViewController.m in Sources */,
				8FD58B0B1A2EB08700B53E02 /* CNWPDFPageView.m in Sources */,
				8FD58B131A2ED54A00B53E02 /* CNWLibraryViewController.m in Sources */,
				8FC4EC851A2EE9D70006A801 /* CNWPDFDocument.m in Sources */,
				8FD58AE91A2EA5F200B53E02 /* CNWAppDelegate.m in Sources */,
				8FD58AE61A2EA5F200B53E02 /* main.m in Sources */,
			);
			runOnlyForDeploymentPostprocessing = 0;
		};
/* End PBXSourcesBuildPhase section */

/* Begin PBXVariantGroup section */
		8FD58AED1A2EA5F200B53E02 /* Main.storyboard */ = {
			isa = PBXVariantGroup;
			children = (
				8FD58AEE1A2EA5F200B53E02 /* Base */,
			);
			name = Main.storyboard;
			sourceTree = "<group>";
		};
		8FD58AF21A2EA5F200B53E02 /* LaunchScreen.xib */ = {
			isa = PBXVariantGroup;
			children = (
				8FD58AF31A2EA5F200B53E02 /* Base */,
			);
			name = LaunchScreen.xib;
			sourceTree = "<group>";
		};
/* End PBXVariantGroup section */

/* Begin XCBuildConfiguration section */
		8FD58B011A2EA5F200B53E02 /* Debug */ = {
			isa = XCBuildConfiguration;
			buildSettings = {
				ALWAYS_SEARCH_USER_PATHS = NO;
				CLANG_CXX_LANGUAGE_STANDARD = "gnu++0x";
				CLANG_CXX_LIBRARY = "libc++";
				CLANG_ENABLE_MODULES = YES;
				CLANG_ENABLE_OBJC_ARC = YES;
				CLANG_WARN_BOOL_CONVERSION = YES;
				CLANG_WARN_CONSTANT_CONVERSION = YES;
				CLANG_WARN_DIRECT_OBJC_ISA_USAGE = YES_ERROR;
				CLANG_WARN_EMPTY_BODY = YES;
				CLANG_WARN_ENUM_CONVERSION = YES;
				CLANG_WARN_INT_CONVERSION = YES;
				CLANG_WARN_OBJC_ROOT_CLASS = YES_ERROR;
				CLANG_WARN_UNREACHABLE_CODE = YES;
				CLANG_WARN__DUPLICATE_METHOD_MATCH = YES;
				"CODE_SIGN_IDENTITY[sdk=iphoneos*]" = "iPhone Developer";
				COPY_PHASE_STRIP = NO;
				ENABLE_STRICT_OBJC_MSGSEND = YES;
				GCC_C_LANGUAGE_STANDARD = gnu99;
				GCC_DYNAMIC_NO_PIC = NO;
				GCC_OPTIMIZATION_LEVEL = 0;
				GCC_PREPROCESSOR_DEFINITIONS = (
					"DEBUG=1",
					"$(inherited)",
				);
				GCC_SYMBOLS_PRIVATE_EXTERN = NO;
				GCC_WARN_64_TO_32_BIT_CONVERSION = YES;
				GCC_WARN_ABOUT_RETURN_TYPE = YES_ERROR;
				GCC_WARN_UNDECLARED_SELECTOR = YES;
				GCC_WARN_UNINITIALIZED_AUTOS = YES_AGGRESSIVE;
				GCC_WARN_UNUSED_FUNCTION = YES;
				GCC_WARN_UNUSED_VARIABLE = YES;
				IPHONEOS_DEPLOYMENT_TARGET = 8.1;
				MTL_ENABLE_DEBUG_INFO = YES;
				ONLY_ACTIVE_ARCH = YES;
				SDKROOT = iphoneos;
			};
			name = Debug;
		};
		8FD58B021A2EA5F200B53E02 /* Release */ = {
			isa = XCBuildConfiguration;
			buildSettings = {
				ALWAYS_SEARCH_USER_PATHS = NO;
				CLANG_CXX_LANGUAGE_STANDARD = "gnu++0x";
				CLANG_CXX_LIBRARY = "libc++";
				CLANG_ENABLE_MODULES = YES;
				CLANG_ENABLE_OBJC_ARC = YES;
				CLANG_WARN_BOOL_CONVERSION = YES;
				CLANG_WARN_CONSTANT_CONVERSION = YES;
				CLANG_WARN_DIRECT_OBJC_ISA_USAGE = YES_ERROR;
				CLANG_WARN_EMPTY_BODY = YES;
				CLANG_WARN_ENUM_CONVERSION = YES;
				CLANG_WARN_INT_CONVERSION = YES;
				CLANG_WARN_OBJC_ROOT_CLASS = YES_ERROR;
				CLANG_WARN_UNREACHABLE_CODE = YES;
				CLANG_WARN__DUPLICATE_METHOD_MATCH = YES;
				"CODE_SIGN_IDENTITY[sdk=iphoneos*]" = "iPhone Developer";
				COPY_PHASE_STRIP = YES;
				ENABLE_NS_ASSERTIONS = NO;
				ENABLE_STRICT_OBJC_MSGSEND = YES;
				GCC_C_LANGUAGE_STANDARD = gnu99;
				GCC_WARN_64_TO_32_BIT_CONVERSION = YES;
				GCC_WARN_ABOUT_RETURN_TYPE = YES_ERROR;
				GCC_WARN_UNDECLARED_SELECTOR = YES;
				GCC_WARN_UNINITIALIZED_AUTOS = YES_AGGRESSIVE;
				GCC_WARN_UNUSED_FUNCTION = YES;
				GCC_WARN_UNUSED_VARIABLE = YES;
				IPHONEOS_DEPLOYMENT_TARGET = 8.1;
				MTL_ENABLE_DEBUG_INFO = NO;
				SDKROOT = iphoneos;
				VALIDATE_PRODUCT = YES;
			};
			name = Release;
		};
		8FD58B041A2EA5F200B53E02 /* Debug */ = {
			isa = XCBuildConfiguration;
			buildSettings = {
				ASSETCATALOG_COMPILER_APPICON_NAME = AppIcon;
				CODE_SIGN_IDENTITY = "iPhone Developer";
				"CODE_SIGN_IDENTITY[sdk=iphoneos*]" = "iPhone Developer";
				INFOPLIST_FILE = WWDCReader/Info.plist;
				LD_RUNPATH_SEARCH_PATHS = "$(inherited) @executable_path/Frameworks";
				PRODUCT_NAME = "$(TARGET_NAME)";
				PROVISIONING_PROFILE = "";
			};
			name = Debug;
		};
		8FD58B051A2EA5F200B53E02 /* Release */ = {
			isa = XCBuildConfiguration;
			buildSettings = {
				ASSETCATALOG_COMPILER_APPICON_NAME = AppIcon;
				CODE_SIGN_IDENTITY = "iPhone Developer";
				"CODE_SIGN_IDENTITY[sdk=iphoneos*]" = "iPhone Developer";
				INFOPLIST_FILE = WWDCReader/Info.plist;
				LD_RUNPATH_SEARCH_PATHS = "$(inherited) @executable_path/Frameworks";
				PRODUCT_NAME = "$(TARGET_NAME)";
				PROVISIONING_PROFILE = "";
			};
			name = Release;
		};
/* End XCBuildConfiguration section */

/* Begin XCConfigurationList section */
		8FD58ADB1A2EA5F200B53E02 /* Build configuration list for PBXProject "WWDCReader" */ = {
			isa = XCConfigurationList;
			buildConfigurations = (
				8FD58B011A2EA5F200B53E02 /* Debug */,
				8FD58B021A2EA5F200B53E02 /* Release */,
			);
			defaultConfigurationIsVisible = 0;
			defaultConfigurationName = Release;
		};
		8FD58B031A2EA5F200B53E02 /* Build configuration list for PBXNativeTarget "WWDCReader" */ = {
			isa = XCConfigurationList;
			buildConfigurations = (
				8FD58B041A2EA5F200B53E02 /* Debug */,
				8FD58B051A2EA5F200B53E02 /* Release */,
			);
			defaultConfigurationIsVisible = 0;
			defaultConfigurationName = Release;
		};
/* End XCConfigurationList section */
	};
	rootObject = 8FD58AD81A2EA5F200B53E02 /* Project object */;
}
